
Microsoft Visual Studio Solution File, Format Version 12.00
# Visual Studio Version 16
VisualStudioVersion = 16.0.29201.188
MinimumVisualStudioVersion = 10.0.40219.1
Project("{9A19103F-16F7-4668-BE54-9A1E7A4F7556}") = "Domain", "Domain\Domain.csproj", "{FB83469A-156F-4A26-9C99-65DD711A90DA}"
EndProject
Project("{9A19103F-16F7-4668-BE54-9A1E7A4F7556}") = "Shared", "Shared\Shared.csproj", "{9181406F-7AE9-472B-BA6D-3C9DDCA18D6C}"
EndProject
Project("{9A19103F-16F7-4668-BE54-9A1E7A4F7556}") = "Infrastructure", "Infrastructure\Infrastructure.csproj", "{8F0B1C21-F2B7-406C-B2C5-1C04298F68FE}"
EndProject
Project("{9A19103F-16F7-4668-BE54-9A1E7A4F7556}") = "Tests", "Tests\Tests.csproj", "{0E260E6A-DE76-4660-A622-E7D54D6670FC}"
EndProject
Project("{FAE04EC0-301F-11D3-BF4B-00C04F79EFBC}") = "Web", "Web\Web.csproj", "{36D9F2DE-62AC-40FA-A6DF-4FDFEFF931CA}"
EndProject
Global
	GlobalSection(SolutionConfigurationPlatforms) = preSolution
		Debug|Any CPU = Debug|Any CPU
		Release|Any CPU = Release|Any CPU
	EndGlobalSection
	GlobalSection(ProjectConfigurationPlatforms) = postSolution
		{FB83469A-156F-4A26-9C99-65DD711A90DA}.Debug|Any CPU.ActiveCfg = Debug|Any CPU
		{FB83469A-156F-4A26-9C99-65DD711A90DA}.Debug|Any CPU.Build.0 = Debug|Any CPU
		{FB83469A-156F-4A26-9C99-65DD711A90DA}.Release|Any CPU.ActiveCfg = Release|Any CPU
		{FB83469A-156F-4A26-9C99-65DD711A90DA}.Release|Any CPU.Build.0 = Release|Any CPU
		{9181406F-7AE9-472B-BA6D-3C9DDCA18D6C}.Debug|Any CPU.ActiveCfg = Debug|Any CPU
		{9181406F-7AE9-472B-BA6D-3C9DDCA18D6C}.Debug|Any CPU.Build.0 = Debug|Any CPU
		{9181406F-7AE9-472B-BA6D-3C9DDCA18D6C}.Release|Any CPU.ActiveCfg = Release|Any CPU
		{9181406F-7AE9-472B-BA6D-3C9DDCA18D6C}.Release|Any CPU.Build.0 = Release|Any CPU
		{8F0B1C21-F2B7-406C-B2C5-1C04298F68FE}.Debug|Any CPU.ActiveCfg = Debug|Any CPU
		{8F0B1C21-F2B7-406C-B2C5-1C04298F68FE}.Debug|Any CPU.Build.0 = Debug|Any CPU
		{8F0B1C21-F2B7-406C-B2C5-1C04298F68FE}.Release|Any CPU.ActiveCfg = Release|Any CPU
		{8F0B1C21-F2B7-406C-B2C5-1C04298F68FE}.Release|Any CPU.Build.0 = Release|Any CPU
		{0E260E6A-DE76-4660-A622-E7D54D6670FC}.Debug|Any CPU.ActiveCfg = Debug|Any CPU
		{0E260E6A-DE76-4660-A622-E7D54D6670FC}.Debug|Any CPU.Build.0 = Debug|Any CPU
		{0E260E6A-DE76-4660-A622-E7D54D6670FC}.Release|Any CPU.ActiveCfg = Release|Any CPU
		{0E260E6A-DE76-4660-A622-E7D54D6670FC}.Release|Any CPU.Build.0 = Release|Any CPU
		{36D9F2DE-62AC-40FA-A6DF-4FDFEFF931CA}.Debug|Any CPU.ActiveCfg = Debug|Any CPU
		{36D9F2DE-62AC-40FA-A6DF-4FDFEFF931CA}.Debug|Any CPU.Build.0 = Debug|Any CPU
		{36D9F2DE-62AC-40FA-A6DF-4FDFEFF931CA}.Release|Any CPU.ActiveCfg = Release|Any CPU
		{36D9F2DE-62AC-40FA-A6DF-4FDFEFF931CA}.Release|Any CPU.Build.0 = Release|Any CPU
	EndGlobalSection
	GlobalSection(SolutionProperties) = preSolution
		HideSolutionNode = FALSE
	EndGlobalSection
	GlobalSection(ExtensibilityGlobals) = postSolution
		SolutionGuid = {FE0AA66F-647F-4EA3-8BA4-2B110835060B}
	EndGlobalSection
EndGlobal
